
Microsoft Visual Studio Solution File, Format Version 12.00
# Visual Studio Version 17
VisualStudioVersion = 17.7.34031.279
MinimumVisualStudioVersion = 10.0.40219.1
Project("{FAE04EC0-301F-11D3-BF4B-00C04F79EFBC}") = "StringDegiskenler", "StringDegiskenler\StringDegiskenler.csproj", "{3F0A26D6-64E8-4AE7-A781-21259983A8EE}"
EndProject
Global
	GlobalSection(SolutionConfigurationPlatforms) = preSolution
		Debug|Any CPU = Debug|Any CPU
		Release|Any CPU = Release|Any CPU
	EndGlobalSection
	GlobalSection(ProjectConfigurationPlatforms) = postSolution
		{3F0A26D6-64E8-4AE7-A781-21259983A8EE}.Debug|Any CPU.ActiveCfg = Debug|Any CPU
		{3F0A26D6-64E8-4AE7-A781-21259983A8EE}.Debug|Any CPU.Build.0 = Debug|Any CPU
		{3F0A26D6-64E8-4AE7-A781-21259983A8EE}.Release|Any CPU.ActiveCfg = Release|Any CPU
		{3F0A26D6-64E8-4AE7-A781-21259983A8EE}.Release|Any CPU.Build.0 = Release|Any CPU
	EndGlobalSection
	GlobalSection(SolutionProperties) = preSolution
		HideSolutionNode = FALSE
	EndGlobalSection
	GlobalSection(ExtensibilityGlobals) = postSolution
		SolutionGuid = {B5B908B3-9C68-4602-A342-C3E2406E1BCB}
	EndGlobalSection
EndGlobal
