
Microsoft Visual Studio Solution File, Format Version 12.00
# Visual Studio Version 17
VisualStudioVersion = 17.5.33530.505
MinimumVisualStudioVersion = 10.0.40219.1
Project("{FAE04EC0-301F-11D3-BF4B-00C04F79EFBC}") = "Database2", "Database2\Database2.csproj", "{508E68E0-384C-449B-8397-DCB61C95FCCD}"
EndProject
Global
	GlobalSection(SolutionConfigurationPlatforms) = preSolution
		Debug|Any CPU = Debug|Any CPU
		Debug|x64 = Debug|x64
		Release|Any CPU = Release|Any CPU
		Release|x64 = Release|x64
	EndGlobalSection
	GlobalSection(ProjectConfigurationPlatforms) = postSolution
		{508E68E0-384C-449B-8397-DCB61C95FCCD}.Debug|Any CPU.ActiveCfg = Debug|Any CPU
		{508E68E0-384C-449B-8397-DCB61C95FCCD}.Debug|Any CPU.Build.0 = Debug|Any CPU
		{508E68E0-384C-449B-8397-DCB61C95FCCD}.Debug|x64.ActiveCfg = Debug|x64
		{508E68E0-384C-449B-8397-DCB61C95FCCD}.Debug|x64.Build.0 = Debug|x64
		{508E68E0-384C-449B-8397-DCB61C95FCCD}.Release|Any CPU.ActiveCfg = Release|Any CPU
		{508E68E0-384C-449B-8397-DCB61C95FCCD}.Release|Any CPU.Build.0 = Release|Any CPU
		{508E68E0-384C-449B-8397-DCB61C95FCCD}.Release|x64.ActiveCfg = Release|x64
		{508E68E0-384C-449B-8397-DCB61C95FCCD}.Release|x64.Build.0 = Release|x64
	EndGlobalSection
	GlobalSection(SolutionProperties) = preSolution
		HideSolutionNode = FALSE
	EndGlobalSection
	GlobalSection(ExtensibilityGlobals) = postSolution
		SolutionGuid = {0BE409C2-AA9D-41A2-B6A3-9E1EC2037502}
	EndGlobalSection
EndGlobal
