
Microsoft Visual Studio Solution File, Format Version 12.00
# Visual Studio Version 17
VisualStudioVersion = 17.5.33530.505
MinimumVisualStudioVersion = 10.0.40219.1
Project("{FAE04EC0-301F-11D3-BF4B-00C04F79EFBC}") = "TaraftarTimer", "TaraftarTimer\TaraftarTimer.csproj", "{54806CA9-C63F-45CE-B2AD-22A63922C66A}"
EndProject
Global
	GlobalSection(SolutionConfigurationPlatforms) = preSolution
		Debug|Any CPU = Debug|Any CPU
		Release|Any CPU = Release|Any CPU
	EndGlobalSection
	GlobalSection(ProjectConfigurationPlatforms) = postSolution
		{54806CA9-C63F-45CE-B2AD-22A63922C66A}.Debug|Any CPU.ActiveCfg = Debug|Any CPU
		{54806CA9-C63F-45CE-B2AD-22A63922C66A}.Debug|Any CPU.Build.0 = Debug|Any CPU
		{54806CA9-C63F-45CE-B2AD-22A63922C66A}.Release|Any CPU.ActiveCfg = Release|Any CPU
		{54806CA9-C63F-45CE-B2AD-22A63922C66A}.Release|Any CPU.Build.0 = Release|Any CPU
	EndGlobalSection
	GlobalSection(SolutionProperties) = preSolution
		HideSolutionNode = FALSE
	EndGlobalSection
	GlobalSection(ExtensibilityGlobals) = postSolution
		SolutionGuid = {C495AD8A-46FF-4382-B764-990001BEAD2B}
	EndGlobalSection
EndGlobal
