
Microsoft Visual Studio Solution File, Format Version 12.00
# Visual Studio Version 17
VisualStudioVersion = 17.5.33530.505
MinimumVisualStudioVersion = 10.0.40219.1
Project("{FAE04EC0-301F-11D3-BF4B-00C04F79EFBC}") = "OOP4CokBicimlilik", "OOP4CokBicimlilik\OOP4CokBicimlilik.csproj", "{FFF73DB4-E021-4A35-A3A9-64F5CB14ACCB}"
EndProject
Global
	GlobalSection(SolutionConfigurationPlatforms) = preSolution
		Debug|Any CPU = Debug|Any CPU
		Release|Any CPU = Release|Any CPU
	EndGlobalSection
	GlobalSection(ProjectConfigurationPlatforms) = postSolution
		{FFF73DB4-E021-4A35-A3A9-64F5CB14ACCB}.Debug|Any CPU.ActiveCfg = Debug|Any CPU
		{FFF73DB4-E021-4A35-A3A9-64F5CB14ACCB}.Debug|Any CPU.Build.0 = Debug|Any CPU
		{FFF73DB4-E021-4A35-A3A9-64F5CB14ACCB}.Release|Any CPU.ActiveCfg = Release|Any CPU
		{FFF73DB4-E021-4A35-A3A9-64F5CB14ACCB}.Release|Any CPU.Build.0 = Release|Any CPU
	EndGlobalSection
	GlobalSection(SolutionProperties) = preSolution
		HideSolutionNode = FALSE
	EndGlobalSection
	GlobalSection(ExtensibilityGlobals) = postSolution
		SolutionGuid = {200EF7DD-9EAD-449D-B97C-40FDE6F86BA2}
	EndGlobalSection
EndGlobal
