
Microsoft Visual Studio Solution File, Format Version 12.00
# Visual Studio Version 17
VisualStudioVersion = 17.5.33530.505
MinimumVisualStudioVersion = 10.0.40219.1
Project("{FAE04EC0-301F-11D3-BF4B-00C04F79EFBC}") = "Acces", "Acces\Acces.csproj", "{4FE780F4-351F-497F-B263-808E2B1DC7A8}"
EndProject
Global
	GlobalSection(SolutionConfigurationPlatforms) = preSolution
		Debug|Any CPU = Debug|Any CPU
		Debug|x64 = Debug|x64
		Release|Any CPU = Release|Any CPU
		Release|x64 = Release|x64
	EndGlobalSection
	GlobalSection(ProjectConfigurationPlatforms) = postSolution
		{4FE780F4-351F-497F-B263-808E2B1DC7A8}.Debug|Any CPU.ActiveCfg = Debug|x64
		{4FE780F4-351F-497F-B263-808E2B1DC7A8}.Debug|Any CPU.Build.0 = Debug|x64
		{4FE780F4-351F-497F-B263-808E2B1DC7A8}.Debug|x64.ActiveCfg = Debug|x64
		{4FE780F4-351F-497F-B263-808E2B1DC7A8}.Debug|x64.Build.0 = Debug|x64
		{4FE780F4-351F-497F-B263-808E2B1DC7A8}.Release|Any CPU.ActiveCfg = Release|Any CPU
		{4FE780F4-351F-497F-B263-808E2B1DC7A8}.Release|Any CPU.Build.0 = Release|Any CPU
		{4FE780F4-351F-497F-B263-808E2B1DC7A8}.Release|x64.ActiveCfg = Release|Any CPU
		{4FE780F4-351F-497F-B263-808E2B1DC7A8}.Release|x64.Build.0 = Release|Any CPU
	EndGlobalSection
	GlobalSection(SolutionProperties) = preSolution
		HideSolutionNode = FALSE
	EndGlobalSection
	GlobalSection(ExtensibilityGlobals) = postSolution
		SolutionGuid = {EFA61143-1099-4951-BC81-E39A38F7FF1D}
	EndGlobalSection
EndGlobal
