
Microsoft Visual Studio Solution File, Format Version 12.00
# Visual Studio Version 17
VisualStudioVersion = 17.5.33530.505
MinimumVisualStudioVersion = 10.0.40219.1
Project("{FAE04EC0-301F-11D3-BF4B-00C04F79EFBC}") = "MatematikselHesaplamalar", "MatematikselHesaplamalar\MatematikselHesaplamalar.csproj", "{B31FFC5D-4BF9-43CB-9C9E-42EECAAAAA02}"
EndProject
Global
	GlobalSection(SolutionConfigurationPlatforms) = preSolution
		Debug|Any CPU = Debug|Any CPU
		Release|Any CPU = Release|Any CPU
	EndGlobalSection
	GlobalSection(ProjectConfigurationPlatforms) = postSolution
		{B31FFC5D-4BF9-43CB-9C9E-42EECAAAAA02}.Debug|Any CPU.ActiveCfg = Debug|Any CPU
		{B31FFC5D-4BF9-43CB-9C9E-42EECAAAAA02}.Debug|Any CPU.Build.0 = Debug|Any CPU
		{B31FFC5D-4BF9-43CB-9C9E-42EECAAAAA02}.Release|Any CPU.ActiveCfg = Release|Any CPU
		{B31FFC5D-4BF9-43CB-9C9E-42EECAAAAA02}.Release|Any CPU.Build.0 = Release|Any CPU
	EndGlobalSection
	GlobalSection(SolutionProperties) = preSolution
		HideSolutionNode = FALSE
	EndGlobalSection
	GlobalSection(ExtensibilityGlobals) = postSolution
		SolutionGuid = {3722BC3D-EB7F-42B9-AF1A-7E492F0836A0}
	EndGlobalSection
EndGlobal
