
Microsoft Visual Studio Solution File, Format Version 12.00
# Visual Studio Version 17
VisualStudioVersion = 17.5.33530.505
MinimumVisualStudioVersion = 10.0.40219.1
Project("{FAE04EC0-301F-11D3-BF4B-00C04F79EFBC}") = "DataGrIdView1", "DataGrIdView1\DataGrIdView1.csproj", "{08E7820A-A331-41A5-97A7-7954FA6DF3E5}"
EndProject
Global
	GlobalSection(SolutionConfigurationPlatforms) = preSolution
		Debug|Any CPU = Debug|Any CPU
		Release|Any CPU = Release|Any CPU
	EndGlobalSection
	GlobalSection(ProjectConfigurationPlatforms) = postSolution
		{08E7820A-A331-41A5-97A7-7954FA6DF3E5}.Debug|Any CPU.ActiveCfg = Debug|Any CPU
		{08E7820A-A331-41A5-97A7-7954FA6DF3E5}.Debug|Any CPU.Build.0 = Debug|Any CPU
		{08E7820A-A331-41A5-97A7-7954FA6DF3E5}.Release|Any CPU.ActiveCfg = Release|Any CPU
		{08E7820A-A331-41A5-97A7-7954FA6DF3E5}.Release|Any CPU.Build.0 = Release|Any CPU
	EndGlobalSection
	GlobalSection(SolutionProperties) = preSolution
		HideSolutionNode = FALSE
	EndGlobalSection
	GlobalSection(ExtensibilityGlobals) = postSolution
		SolutionGuid = {E5816A6E-E354-4847-AFFA-F375381EEBF1}
	EndGlobalSection
EndGlobal
