
Microsoft Visual Studio Solution File, Format Version 12.00
# Visual Studio Version 17
VisualStudioVersion = 17.5.33530.505
MinimumVisualStudioVersion = 10.0.40219.1
Project("{FAE04EC0-301F-11D3-BF4B-00C04F79EFBC}") = "KullaniciKayitRehberi", "KullaniciKayitRehberi\KullaniciKayitRehberi.csproj", "{3C9B3A59-C9F5-4E9F-BF73-871168E60981}"
EndProject
Global
	GlobalSection(SolutionConfigurationPlatforms) = preSolution
		Debug|Any CPU = Debug|Any CPU
		Release|Any CPU = Release|Any CPU
	EndGlobalSection
	GlobalSection(ProjectConfigurationPlatforms) = postSolution
		{3C9B3A59-C9F5-4E9F-BF73-871168E60981}.Debug|Any CPU.ActiveCfg = Debug|Any CPU
		{3C9B3A59-C9F5-4E9F-BF73-871168E60981}.Debug|Any CPU.Build.0 = Debug|Any CPU
		{3C9B3A59-C9F5-4E9F-BF73-871168E60981}.Release|Any CPU.ActiveCfg = Release|Any CPU
		{3C9B3A59-C9F5-4E9F-BF73-871168E60981}.Release|Any CPU.Build.0 = Release|Any CPU
	EndGlobalSection
	GlobalSection(SolutionProperties) = preSolution
		HideSolutionNode = FALSE
	EndGlobalSection
	GlobalSection(ExtensibilityGlobals) = postSolution
		SolutionGuid = {6D551074-EAC3-4A91-867A-308658C2E812}
	EndGlobalSection
EndGlobal
