
Microsoft Visual Studio Solution File, Format Version 12.00
# Visual Studio Version 17
VisualStudioVersion = 17.5.33530.505
MinimumVisualStudioVersion = 10.0.40219.1
Project("{FAE04EC0-301F-11D3-BF4B-00C04F79EFBC}") = "SqlVeriTabaniSilme2", "SqlVeriTabaniSilme2\SqlVeriTabaniSilme2.csproj", "{EE663E5E-D5DF-49FD-B71D-5A5D598DA355}"
EndProject
Global
	GlobalSection(SolutionConfigurationPlatforms) = preSolution
		Debug|Any CPU = Debug|Any CPU
		Release|Any CPU = Release|Any CPU
	EndGlobalSection
	GlobalSection(ProjectConfigurationPlatforms) = postSolution
		{EE663E5E-D5DF-49FD-B71D-5A5D598DA355}.Debug|Any CPU.ActiveCfg = Debug|Any CPU
		{EE663E5E-D5DF-49FD-B71D-5A5D598DA355}.Debug|Any CPU.Build.0 = Debug|Any CPU
		{EE663E5E-D5DF-49FD-B71D-5A5D598DA355}.Release|Any CPU.ActiveCfg = Release|Any CPU
		{EE663E5E-D5DF-49FD-B71D-5A5D598DA355}.Release|Any CPU.Build.0 = Release|Any CPU
	EndGlobalSection
	GlobalSection(SolutionProperties) = preSolution
		HideSolutionNode = FALSE
	EndGlobalSection
	GlobalSection(ExtensibilityGlobals) = postSolution
		SolutionGuid = {78DE6E02-EF43-4CFC-8047-4181282F0D14}
	EndGlobalSection
EndGlobal
