
Microsoft Visual Studio Solution File, Format Version 12.00
# Visual Studio Version 17
VisualStudioVersion = 17.5.33530.505
MinimumVisualStudioVersion = 10.0.40219.1
Project("{FAE04EC0-301F-11D3-BF4B-00C04F79EFBC}") = "SaatDakikaMod2", "SaatDakikaMod2\SaatDakikaMod2.csproj", "{45B8BB6C-C284-458A-847E-F1EE0392D564}"
EndProject
Global
	GlobalSection(SolutionConfigurationPlatforms) = preSolution
		Debug|Any CPU = Debug|Any CPU
		Release|Any CPU = Release|Any CPU
	EndGlobalSection
	GlobalSection(ProjectConfigurationPlatforms) = postSolution
		{45B8BB6C-C284-458A-847E-F1EE0392D564}.Debug|Any CPU.ActiveCfg = Debug|Any CPU
		{45B8BB6C-C284-458A-847E-F1EE0392D564}.Debug|Any CPU.Build.0 = Debug|Any CPU
		{45B8BB6C-C284-458A-847E-F1EE0392D564}.Release|Any CPU.ActiveCfg = Release|Any CPU
		{45B8BB6C-C284-458A-847E-F1EE0392D564}.Release|Any CPU.Build.0 = Release|Any CPU
	EndGlobalSection
	GlobalSection(SolutionProperties) = preSolution
		HideSolutionNode = FALSE
	EndGlobalSection
	GlobalSection(ExtensibilityGlobals) = postSolution
		SolutionGuid = {F9B2003F-5DD4-4D94-884D-BAD6D7EA67A7}
	EndGlobalSection
EndGlobal
