
Microsoft Visual Studio Solution File, Format Version 12.00
# Visual Studio Version 17
VisualStudioVersion = 17.1.32319.34
MinimumVisualStudioVersion = 10.0.40219.1
Project("{FAE04EC0-301F-11D3-BF4B-00C04F79EFBC}") = "For,For each,While", "For,For each,While.csproj", "{9BC6C75B-E0DB-455A-AD4A-F008D9EF7889}"
EndProject
Global
	GlobalSection(SolutionConfigurationPlatforms) = preSolution
		Debug|Any CPU = Debug|Any CPU
		Release|Any CPU = Release|Any CPU
	EndGlobalSection
	GlobalSection(ProjectConfigurationPlatforms) = postSolution
		{9BC6C75B-E0DB-455A-AD4A-F008D9EF7889}.Debug|Any CPU.ActiveCfg = Debug|Any CPU
		{9BC6C75B-E0DB-455A-AD4A-F008D9EF7889}.Debug|Any CPU.Build.0 = Debug|Any CPU
		{9BC6C75B-E0DB-455A-AD4A-F008D9EF7889}.Release|Any CPU.ActiveCfg = Release|Any CPU
		{9BC6C75B-E0DB-455A-AD4A-F008D9EF7889}.Release|Any CPU.Build.0 = Release|Any CPU
	EndGlobalSection
	GlobalSection(SolutionProperties) = preSolution
		HideSolutionNode = FALSE
	EndGlobalSection
	GlobalSection(ExtensibilityGlobals) = postSolution
		SolutionGuid = {E75C343C-6FCC-4E77-B482-6BA9049FD2EB}
	EndGlobalSection
EndGlobal
