
Microsoft Visual Studio Solution File, Format Version 12.00
# Visual Studio Version 17
VisualStudioVersion = 17.5.33530.505
MinimumVisualStudioVersion = 10.0.40219.1
Project("{FAE04EC0-301F-11D3-BF4B-00C04F79EFBC}") = "Database4", "Database4\Database4.csproj", "{5C655239-75A8-40A3-BD52-9151C08C14A6}"
EndProject
Global
	GlobalSection(SolutionConfigurationPlatforms) = preSolution
		Debug|Any CPU = Debug|Any CPU
		Debug|x64 = Debug|x64
		Release|Any CPU = Release|Any CPU
		Release|x64 = Release|x64
	EndGlobalSection
	GlobalSection(ProjectConfigurationPlatforms) = postSolution
		{5C655239-75A8-40A3-BD52-9151C08C14A6}.Debug|Any CPU.ActiveCfg = Debug|Any CPU
		{5C655239-75A8-40A3-BD52-9151C08C14A6}.Debug|Any CPU.Build.0 = Debug|Any CPU
		{5C655239-75A8-40A3-BD52-9151C08C14A6}.Debug|x64.ActiveCfg = Debug|x64
		{5C655239-75A8-40A3-BD52-9151C08C14A6}.Debug|x64.Build.0 = Debug|x64
		{5C655239-75A8-40A3-BD52-9151C08C14A6}.Release|Any CPU.ActiveCfg = Release|Any CPU
		{5C655239-75A8-40A3-BD52-9151C08C14A6}.Release|Any CPU.Build.0 = Release|Any CPU
		{5C655239-75A8-40A3-BD52-9151C08C14A6}.Release|x64.ActiveCfg = Release|x64
		{5C655239-75A8-40A3-BD52-9151C08C14A6}.Release|x64.Build.0 = Release|x64
	EndGlobalSection
	GlobalSection(SolutionProperties) = preSolution
		HideSolutionNode = FALSE
	EndGlobalSection
	GlobalSection(ExtensibilityGlobals) = postSolution
		SolutionGuid = {97687BEE-9EC7-48FC-A144-8C0852AF616C}
	EndGlobalSection
EndGlobal
