
Microsoft Visual Studio Solution File, Format Version 12.00
# Visual Studio Version 17
VisualStudioVersion = 17.5.33530.505
MinimumVisualStudioVersion = 10.0.40219.1
Project("{FAE04EC0-301F-11D3-BF4B-00C04F79EFBC}") = "CSharpDersTekrar3", "CSharpDersTekrar3\CSharpDersTekrar3.csproj", "{DE2B59AD-9E00-42DB-91A5-CFA0152DD852}"
EndProject
Global
	GlobalSection(SolutionConfigurationPlatforms) = preSolution
		Debug|Any CPU = Debug|Any CPU
		Release|Any CPU = Release|Any CPU
	EndGlobalSection
	GlobalSection(ProjectConfigurationPlatforms) = postSolution
		{DE2B59AD-9E00-42DB-91A5-CFA0152DD852}.Debug|Any CPU.ActiveCfg = Debug|Any CPU
		{DE2B59AD-9E00-42DB-91A5-CFA0152DD852}.Debug|Any CPU.Build.0 = Debug|Any CPU
		{DE2B59AD-9E00-42DB-91A5-CFA0152DD852}.Release|Any CPU.ActiveCfg = Release|Any CPU
		{DE2B59AD-9E00-42DB-91A5-CFA0152DD852}.Release|Any CPU.Build.0 = Release|Any CPU
	EndGlobalSection
	GlobalSection(SolutionProperties) = preSolution
		HideSolutionNode = FALSE
	EndGlobalSection
	GlobalSection(ExtensibilityGlobals) = postSolution
		SolutionGuid = {BA2C10BD-5593-497B-BCCB-B1706D54543E}
	EndGlobalSection
EndGlobal
