
Microsoft Visual Studio Solution File, Format Version 12.00
# Visual Studio Version 17
VisualStudioVersion = 17.5.33530.505
MinimumVisualStudioVersion = 10.0.40219.1
Project("{FAE04EC0-301F-11D3-BF4B-00C04F79EFBC}") = "AlgoritmikTekrar2", "AlgoritmikTekrar2\AlgoritmikTekrar2.csproj", "{905E2405-AD29-4671-A191-BAFA65773F54}"
EndProject
Global
	GlobalSection(SolutionConfigurationPlatforms) = preSolution
		Debug|Any CPU = Debug|Any CPU
		Release|Any CPU = Release|Any CPU
	EndGlobalSection
	GlobalSection(ProjectConfigurationPlatforms) = postSolution
		{905E2405-AD29-4671-A191-BAFA65773F54}.Debug|Any CPU.ActiveCfg = Debug|Any CPU
		{905E2405-AD29-4671-A191-BAFA65773F54}.Debug|Any CPU.Build.0 = Debug|Any CPU
		{905E2405-AD29-4671-A191-BAFA65773F54}.Release|Any CPU.ActiveCfg = Release|Any CPU
		{905E2405-AD29-4671-A191-BAFA65773F54}.Release|Any CPU.Build.0 = Release|Any CPU
	EndGlobalSection
	GlobalSection(SolutionProperties) = preSolution
		HideSolutionNode = FALSE
	EndGlobalSection
	GlobalSection(ExtensibilityGlobals) = postSolution
		SolutionGuid = {8238B784-AF53-444C-8876-872AE65245F9}
	EndGlobalSection
EndGlobal
