
Microsoft Visual Studio Solution File, Format Version 12.00
# Visual Studio Version 17
VisualStudioVersion = 17.4.33122.133
MinimumVisualStudioVersion = 10.0.40219.1
Project("{FAE04EC0-301F-11D3-BF4B-00C04F79EFBC}") = "GD2H", "GD2H.csproj", "{015BCBFF-D8FE-4405-9EAD-05E394FF8C2C}"
EndProject
Global
	GlobalSection(SolutionConfigurationPlatforms) = preSolution
		Debug|Any CPU = Debug|Any CPU
		Debug|x64 = Debug|x64
		Release|Any CPU = Release|Any CPU
		Release|x64 = Release|x64
	EndGlobalSection
	GlobalSection(ProjectConfigurationPlatforms) = postSolution
		{015BCBFF-D8FE-4405-9EAD-05E394FF8C2C}.Debug|Any CPU.ActiveCfg = Debug|Any CPU
		{015BCBFF-D8FE-4405-9EAD-05E394FF8C2C}.Debug|Any CPU.Build.0 = Debug|Any CPU
		{015BCBFF-D8FE-4405-9EAD-05E394FF8C2C}.Debug|x64.ActiveCfg = Debug|x64
		{015BCBFF-D8FE-4405-9EAD-05E394FF8C2C}.Debug|x64.Build.0 = Debug|x64
		{015BCBFF-D8FE-4405-9EAD-05E394FF8C2C}.Release|Any CPU.ActiveCfg = Release|Any CPU
		{015BCBFF-D8FE-4405-9EAD-05E394FF8C2C}.Release|Any CPU.Build.0 = Release|Any CPU
		{015BCBFF-D8FE-4405-9EAD-05E394FF8C2C}.Release|x64.ActiveCfg = Release|x64
		{015BCBFF-D8FE-4405-9EAD-05E394FF8C2C}.Release|x64.Build.0 = Release|x64
	EndGlobalSection
	GlobalSection(SolutionProperties) = preSolution
		HideSolutionNode = FALSE
	EndGlobalSection
	GlobalSection(ExtensibilityGlobals) = postSolution
		SolutionGuid = {F69AEF65-3727-4502-A040-F4E518EAD36B}
	EndGlobalSection
EndGlobal
