
Microsoft Visual Studio Solution File, Format Version 12.00
# Visual Studio Version 17
VisualStudioVersion = 17.5.33530.505
MinimumVisualStudioVersion = 10.0.40219.1
Project("{FAE04EC0-301F-11D3-BF4B-00C04F79EFBC}") = "ProgressBar", "ProgressBar\ProgressBar.csproj", "{5D652D03-F36F-4685-97D0-6E7A851C9031}"
EndProject
Global
	GlobalSection(SolutionConfigurationPlatforms) = preSolution
		Debug|Any CPU = Debug|Any CPU
		Release|Any CPU = Release|Any CPU
	EndGlobalSection
	GlobalSection(ProjectConfigurationPlatforms) = postSolution
		{5D652D03-F36F-4685-97D0-6E7A851C9031}.Debug|Any CPU.ActiveCfg = Debug|Any CPU
		{5D652D03-F36F-4685-97D0-6E7A851C9031}.Debug|Any CPU.Build.0 = Debug|Any CPU
		{5D652D03-F36F-4685-97D0-6E7A851C9031}.Release|Any CPU.ActiveCfg = Release|Any CPU
		{5D652D03-F36F-4685-97D0-6E7A851C9031}.Release|Any CPU.Build.0 = Release|Any CPU
	EndGlobalSection
	GlobalSection(SolutionProperties) = preSolution
		HideSolutionNode = FALSE
	EndGlobalSection
	GlobalSection(ExtensibilityGlobals) = postSolution
		SolutionGuid = {85E5304F-5745-4C64-9CBE-E50F79E09587}
	EndGlobalSection
EndGlobal
