
Microsoft Visual Studio Solution File, Format Version 12.00
# Visual Studio Version 17
VisualStudioVersion = 17.5.33530.505
MinimumVisualStudioVersion = 10.0.40219.1
Project("{FAE04EC0-301F-11D3-BF4B-00C04F79EFBC}") = "FibonacciOrnek", "FibonacciOrnek\FibonacciOrnek.csproj", "{CC22B1B1-B8B7-470D-A662-28B59B7254AA}"
EndProject
Global
	GlobalSection(SolutionConfigurationPlatforms) = preSolution
		Debug|Any CPU = Debug|Any CPU
		Release|Any CPU = Release|Any CPU
	EndGlobalSection
	GlobalSection(ProjectConfigurationPlatforms) = postSolution
		{CC22B1B1-B8B7-470D-A662-28B59B7254AA}.Debug|Any CPU.ActiveCfg = Debug|Any CPU
		{CC22B1B1-B8B7-470D-A662-28B59B7254AA}.Debug|Any CPU.Build.0 = Debug|Any CPU
		{CC22B1B1-B8B7-470D-A662-28B59B7254AA}.Release|Any CPU.ActiveCfg = Release|Any CPU
		{CC22B1B1-B8B7-470D-A662-28B59B7254AA}.Release|Any CPU.Build.0 = Release|Any CPU
	EndGlobalSection
	GlobalSection(SolutionProperties) = preSolution
		HideSolutionNode = FALSE
	EndGlobalSection
	GlobalSection(ExtensibilityGlobals) = postSolution
		SolutionGuid = {54DAC3AA-F48B-41A9-9875-C9C37EE19333}
	EndGlobalSection
EndGlobal
