
Microsoft Visual Studio Solution File, Format Version 12.00
# Visual Studio Version 17
VisualStudioVersion = 17.5.33530.505
MinimumVisualStudioVersion = 10.0.40219.1
Project("{FAE04EC0-301F-11D3-BF4B-00C04F79EFBC}") = "MatamatikTahmin", "MatamatikTahmin\MatamatikTahmin.csproj", "{5912F812-5BF4-4C61-A293-9A54A7F526DA}"
EndProject
Global
	GlobalSection(SolutionConfigurationPlatforms) = preSolution
		Debug|Any CPU = Debug|Any CPU
		Release|Any CPU = Release|Any CPU
	EndGlobalSection
	GlobalSection(ProjectConfigurationPlatforms) = postSolution
		{5912F812-5BF4-4C61-A293-9A54A7F526DA}.Debug|Any CPU.ActiveCfg = Debug|Any CPU
		{5912F812-5BF4-4C61-A293-9A54A7F526DA}.Debug|Any CPU.Build.0 = Debug|Any CPU
		{5912F812-5BF4-4C61-A293-9A54A7F526DA}.Release|Any CPU.ActiveCfg = Release|Any CPU
		{5912F812-5BF4-4C61-A293-9A54A7F526DA}.Release|Any CPU.Build.0 = Release|Any CPU
	EndGlobalSection
	GlobalSection(SolutionProperties) = preSolution
		HideSolutionNode = FALSE
	EndGlobalSection
	GlobalSection(ExtensibilityGlobals) = postSolution
		SolutionGuid = {41AC1B2E-6AC4-430A-86F9-3ECE15E14734}
	EndGlobalSection
EndGlobal
