
Microsoft Visual Studio Solution File, Format Version 12.00
# Visual Studio Version 17
VisualStudioVersion = 17.5.33530.505
MinimumVisualStudioVersion = 10.0.40219.1
Project("{FAE04EC0-301F-11D3-BF4B-00C04F79EFBC}") = "LinkLabel", "LinkLabel\LinkLabel.csproj", "{F28AE668-F6F5-43C2-BCC8-F413C3EACD13}"
EndProject
Global
	GlobalSection(SolutionConfigurationPlatforms) = preSolution
		Debug|Any CPU = Debug|Any CPU
		Release|Any CPU = Release|Any CPU
	EndGlobalSection
	GlobalSection(ProjectConfigurationPlatforms) = postSolution
		{F28AE668-F6F5-43C2-BCC8-F413C3EACD13}.Debug|Any CPU.ActiveCfg = Debug|Any CPU
		{F28AE668-F6F5-43C2-BCC8-F413C3EACD13}.Debug|Any CPU.Build.0 = Debug|Any CPU
		{F28AE668-F6F5-43C2-BCC8-F413C3EACD13}.Release|Any CPU.ActiveCfg = Release|Any CPU
		{F28AE668-F6F5-43C2-BCC8-F413C3EACD13}.Release|Any CPU.Build.0 = Release|Any CPU
	EndGlobalSection
	GlobalSection(SolutionProperties) = preSolution
		HideSolutionNode = FALSE
	EndGlobalSection
	GlobalSection(ExtensibilityGlobals) = postSolution
		SolutionGuid = {E6256210-20C1-4976-8EBF-9249A6476FC7}
	EndGlobalSection
EndGlobal
