
Microsoft Visual Studio Solution File, Format Version 12.00
# Visual Studio Version 17
VisualStudioVersion = 17.5.33530.505
MinimumVisualStudioVersion = 10.0.40219.1
Project("{FAE04EC0-301F-11D3-BF4B-00C04F79EFBC}") = "DataGridViewSqlTekrar", "DataGridViewSqlTekrar\DataGridViewSqlTekrar.csproj", "{EBD65256-F288-4246-86A5-97C3740CF034}"
EndProject
Global
	GlobalSection(SolutionConfigurationPlatforms) = preSolution
		Debug|Any CPU = Debug|Any CPU
		Release|Any CPU = Release|Any CPU
	EndGlobalSection
	GlobalSection(ProjectConfigurationPlatforms) = postSolution
		{EBD65256-F288-4246-86A5-97C3740CF034}.Debug|Any CPU.ActiveCfg = Debug|Any CPU
		{EBD65256-F288-4246-86A5-97C3740CF034}.Debug|Any CPU.Build.0 = Debug|Any CPU
		{EBD65256-F288-4246-86A5-97C3740CF034}.Release|Any CPU.ActiveCfg = Release|Any CPU
		{EBD65256-F288-4246-86A5-97C3740CF034}.Release|Any CPU.Build.0 = Release|Any CPU
	EndGlobalSection
	GlobalSection(SolutionProperties) = preSolution
		HideSolutionNode = FALSE
	EndGlobalSection
	GlobalSection(ExtensibilityGlobals) = postSolution
		SolutionGuid = {DC49462E-802A-45C4-B1DA-F660BC421972}
	EndGlobalSection
EndGlobal
