
Microsoft Visual Studio Solution File, Format Version 12.00
# Visual Studio Version 17
VisualStudioVersion = 17.5.33530.505
MinimumVisualStudioVersion = 10.0.40219.1
Project("{FAE04EC0-301F-11D3-BF4B-00C04F79EFBC}") = "MOuse2", "MOuse2\MOuse2.csproj", "{B0BE5A8B-A5BA-4870-8753-847C45F420B0}"
EndProject
Global
	GlobalSection(SolutionConfigurationPlatforms) = preSolution
		Debug|Any CPU = Debug|Any CPU
		Release|Any CPU = Release|Any CPU
	EndGlobalSection
	GlobalSection(ProjectConfigurationPlatforms) = postSolution
		{B0BE5A8B-A5BA-4870-8753-847C45F420B0}.Debug|Any CPU.ActiveCfg = Debug|Any CPU
		{B0BE5A8B-A5BA-4870-8753-847C45F420B0}.Debug|Any CPU.Build.0 = Debug|Any CPU
		{B0BE5A8B-A5BA-4870-8753-847C45F420B0}.Release|Any CPU.ActiveCfg = Release|Any CPU
		{B0BE5A8B-A5BA-4870-8753-847C45F420B0}.Release|Any CPU.Build.0 = Release|Any CPU
	EndGlobalSection
	GlobalSection(SolutionProperties) = preSolution
		HideSolutionNode = FALSE
	EndGlobalSection
	GlobalSection(ExtensibilityGlobals) = postSolution
		SolutionGuid = {A64361A8-7CFA-4946-87C2-3CA5129DFB90}
	EndGlobalSection
EndGlobal
