
Microsoft Visual Studio Solution File, Format Version 12.00
# Visual Studio Version 17
VisualStudioVersion = 17.5.33530.505
MinimumVisualStudioVersion = 10.0.40219.1
Project("{FAE04EC0-301F-11D3-BF4B-00C04F79EFBC}") = "Word", "Word\Word.csproj", "{7B4306A5-B584-41AF-B422-62335286D6BA}"
EndProject
Global
	GlobalSection(SolutionConfigurationPlatforms) = preSolution
		Debug|Any CPU = Debug|Any CPU
		Release|Any CPU = Release|Any CPU
	EndGlobalSection
	GlobalSection(ProjectConfigurationPlatforms) = postSolution
		{7B4306A5-B584-41AF-B422-62335286D6BA}.Debug|Any CPU.ActiveCfg = Debug|Any CPU
		{7B4306A5-B584-41AF-B422-62335286D6BA}.Debug|Any CPU.Build.0 = Debug|Any CPU
		{7B4306A5-B584-41AF-B422-62335286D6BA}.Release|Any CPU.ActiveCfg = Release|Any CPU
		{7B4306A5-B584-41AF-B422-62335286D6BA}.Release|Any CPU.Build.0 = Release|Any CPU
	EndGlobalSection
	GlobalSection(SolutionProperties) = preSolution
		HideSolutionNode = FALSE
	EndGlobalSection
	GlobalSection(ExtensibilityGlobals) = postSolution
		SolutionGuid = {26E12A95-0069-42AB-AAB5-82C3B4BFB57C}
	EndGlobalSection
EndGlobal
