
Microsoft Visual Studio Solution File, Format Version 12.00
# Visual Studio Version 17
VisualStudioVersion = 17.5.33530.505
MinimumVisualStudioVersion = 10.0.40219.1
Project("{FAE04EC0-301F-11D3-BF4B-00C04F79EFBC}") = "Dizi08", "Dizi08\Dizi08.csproj", "{A0AF3EAB-1048-4254-94A9-0935E5684F71}"
EndProject
Global
	GlobalSection(SolutionConfigurationPlatforms) = preSolution
		Debug|Any CPU = Debug|Any CPU
		Release|Any CPU = Release|Any CPU
	EndGlobalSection
	GlobalSection(ProjectConfigurationPlatforms) = postSolution
		{A0AF3EAB-1048-4254-94A9-0935E5684F71}.Debug|Any CPU.ActiveCfg = Debug|Any CPU
		{A0AF3EAB-1048-4254-94A9-0935E5684F71}.Debug|Any CPU.Build.0 = Debug|Any CPU
		{A0AF3EAB-1048-4254-94A9-0935E5684F71}.Release|Any CPU.ActiveCfg = Release|Any CPU
		{A0AF3EAB-1048-4254-94A9-0935E5684F71}.Release|Any CPU.Build.0 = Release|Any CPU
	EndGlobalSection
	GlobalSection(SolutionProperties) = preSolution
		HideSolutionNode = FALSE
	EndGlobalSection
	GlobalSection(ExtensibilityGlobals) = postSolution
		SolutionGuid = {305F9A18-8B81-4558-B06D-00BCF6EE3295}
	EndGlobalSection
EndGlobal
