
Microsoft Visual Studio Solution File, Format Version 12.00
# Visual Studio Version 17
VisualStudioVersion = 17.5.33530.505
MinimumVisualStudioVersion = 10.0.40219.1
Project("{FAE04EC0-301F-11D3-BF4B-00C04F79EFBC}") = "AlgoritmaTekrar", "AlgoritmaTekrar\AlgoritmaTekrar.csproj", "{09931B75-F26E-4C6A-A777-F8BE6488A0CF}"
EndProject
Global
	GlobalSection(SolutionConfigurationPlatforms) = preSolution
		Debug|Any CPU = Debug|Any CPU
		Release|Any CPU = Release|Any CPU
	EndGlobalSection
	GlobalSection(ProjectConfigurationPlatforms) = postSolution
		{09931B75-F26E-4C6A-A777-F8BE6488A0CF}.Debug|Any CPU.ActiveCfg = Debug|Any CPU
		{09931B75-F26E-4C6A-A777-F8BE6488A0CF}.Debug|Any CPU.Build.0 = Debug|Any CPU
		{09931B75-F26E-4C6A-A777-F8BE6488A0CF}.Release|Any CPU.ActiveCfg = Release|Any CPU
		{09931B75-F26E-4C6A-A777-F8BE6488A0CF}.Release|Any CPU.Build.0 = Release|Any CPU
	EndGlobalSection
	GlobalSection(SolutionProperties) = preSolution
		HideSolutionNode = FALSE
	EndGlobalSection
	GlobalSection(ExtensibilityGlobals) = postSolution
		SolutionGuid = {1E4F34FA-E149-400D-A78B-47EA1013B761}
	EndGlobalSection
EndGlobal
