
Microsoft Visual Studio Solution File, Format Version 12.00
# Visual Studio Version 17
VisualStudioVersion = 17.5.33530.505
MinimumVisualStudioVersion = 10.0.40219.1
Project("{FAE04EC0-301F-11D3-BF4B-00C04F79EFBC}") = "ModAlma", "ModAlma\ModAlma.csproj", "{D779DFAD-B8B0-4200-8F3E-B9719E94D48E}"
EndProject
Global
	GlobalSection(SolutionConfigurationPlatforms) = preSolution
		Debug|Any CPU = Debug|Any CPU
		Release|Any CPU = Release|Any CPU
	EndGlobalSection
	GlobalSection(ProjectConfigurationPlatforms) = postSolution
		{D779DFAD-B8B0-4200-8F3E-B9719E94D48E}.Debug|Any CPU.ActiveCfg = Debug|Any CPU
		{D779DFAD-B8B0-4200-8F3E-B9719E94D48E}.Debug|Any CPU.Build.0 = Debug|Any CPU
		{D779DFAD-B8B0-4200-8F3E-B9719E94D48E}.Release|Any CPU.ActiveCfg = Release|Any CPU
		{D779DFAD-B8B0-4200-8F3E-B9719E94D48E}.Release|Any CPU.Build.0 = Release|Any CPU
	EndGlobalSection
	GlobalSection(SolutionProperties) = preSolution
		HideSolutionNode = FALSE
	EndGlobalSection
	GlobalSection(ExtensibilityGlobals) = postSolution
		SolutionGuid = {2E4FDAFA-5D28-464A-A40B-94AB7FFE1DDB}
	EndGlobalSection
EndGlobal
