
Microsoft Visual Studio Solution File, Format Version 12.00
# Visual Studio Version 17
VisualStudioVersion = 17.1.32319.34
MinimumVisualStudioVersion = 10.0.40219.1
Project("{FAE04EC0-301F-11D3-BF4B-00C04F79EFBC}") = "try catch", "try catch.csproj", "{ABB45561-EE45-4A42-B5BD-A5D5D23029E5}"
EndProject
Global
	GlobalSection(SolutionConfigurationPlatforms) = preSolution
		Debug|Any CPU = Debug|Any CPU
		Release|Any CPU = Release|Any CPU
	EndGlobalSection
	GlobalSection(ProjectConfigurationPlatforms) = postSolution
		{ABB45561-EE45-4A42-B5BD-A5D5D23029E5}.Debug|Any CPU.ActiveCfg = Debug|Any CPU
		{ABB45561-EE45-4A42-B5BD-A5D5D23029E5}.Debug|Any CPU.Build.0 = Debug|Any CPU
		{ABB45561-EE45-4A42-B5BD-A5D5D23029E5}.Release|Any CPU.ActiveCfg = Release|Any CPU
		{ABB45561-EE45-4A42-B5BD-A5D5D23029E5}.Release|Any CPU.Build.0 = Release|Any CPU
	EndGlobalSection
	GlobalSection(SolutionProperties) = preSolution
		HideSolutionNode = FALSE
	EndGlobalSection
	GlobalSection(ExtensibilityGlobals) = postSolution
		SolutionGuid = {8D6FC981-522B-4594-BFA2-1B986FC536F8}
	EndGlobalSection
EndGlobal
