
Microsoft Visual Studio Solution File, Format Version 12.00
# Visual Studio Version 17
VisualStudioVersion = 17.5.33530.505
MinimumVisualStudioVersion = 10.0.40219.1
Project("{FAE04EC0-301F-11D3-BF4B-00C04F79EFBC}") = "MukemmelSayi", "MukemmelSayi\MukemmelSayi.csproj", "{3F5700FD-8F94-43C6-B0EB-C3B5F21E6861}"
EndProject
Global
	GlobalSection(SolutionConfigurationPlatforms) = preSolution
		Debug|Any CPU = Debug|Any CPU
		Release|Any CPU = Release|Any CPU
	EndGlobalSection
	GlobalSection(ProjectConfigurationPlatforms) = postSolution
		{3F5700FD-8F94-43C6-B0EB-C3B5F21E6861}.Debug|Any CPU.ActiveCfg = Debug|Any CPU
		{3F5700FD-8F94-43C6-B0EB-C3B5F21E6861}.Debug|Any CPU.Build.0 = Debug|Any CPU
		{3F5700FD-8F94-43C6-B0EB-C3B5F21E6861}.Release|Any CPU.ActiveCfg = Release|Any CPU
		{3F5700FD-8F94-43C6-B0EB-C3B5F21E6861}.Release|Any CPU.Build.0 = Release|Any CPU
	EndGlobalSection
	GlobalSection(SolutionProperties) = preSolution
		HideSolutionNode = FALSE
	EndGlobalSection
	GlobalSection(ExtensibilityGlobals) = postSolution
		SolutionGuid = {CF40FF8A-1794-42A0-87EE-CE18A529C10D}
	EndGlobalSection
EndGlobal
