
Microsoft Visual Studio Solution File, Format Version 12.00
# Visual Studio Version 17
VisualStudioVersion = 17.5.33530.505
MinimumVisualStudioVersion = 10.0.40219.1
Project("{FAE04EC0-301F-11D3-BF4B-00C04F79EFBC}") = "SaatDakikaMod", "SaatDakikaMod\SaatDakikaMod.csproj", "{B761BAD7-6257-4D9E-B66F-4CB59587BD57}"
EndProject
Global
	GlobalSection(SolutionConfigurationPlatforms) = preSolution
		Debug|Any CPU = Debug|Any CPU
		Release|Any CPU = Release|Any CPU
	EndGlobalSection
	GlobalSection(ProjectConfigurationPlatforms) = postSolution
		{B761BAD7-6257-4D9E-B66F-4CB59587BD57}.Debug|Any CPU.ActiveCfg = Debug|Any CPU
		{B761BAD7-6257-4D9E-B66F-4CB59587BD57}.Debug|Any CPU.Build.0 = Debug|Any CPU
		{B761BAD7-6257-4D9E-B66F-4CB59587BD57}.Release|Any CPU.ActiveCfg = Release|Any CPU
		{B761BAD7-6257-4D9E-B66F-4CB59587BD57}.Release|Any CPU.Build.0 = Release|Any CPU
	EndGlobalSection
	GlobalSection(SolutionProperties) = preSolution
		HideSolutionNode = FALSE
	EndGlobalSection
	GlobalSection(ExtensibilityGlobals) = postSolution
		SolutionGuid = {AB96204D-0C57-489B-8142-2EE15973FA6A}
	EndGlobalSection
EndGlobal
