
Microsoft Visual Studio Solution File, Format Version 12.00
# Visual Studio Version 17
VisualStudioVersion = 17.5.33530.505
MinimumVisualStudioVersion = 10.0.40219.1
Project("{FAE04EC0-301F-11D3-BF4B-00C04F79EFBC}") = "Dizi05", "Dizi05\Dizi05.csproj", "{017EFEF2-85DE-426A-AD5F-84BFEB71539D}"
EndProject
Global
	GlobalSection(SolutionConfigurationPlatforms) = preSolution
		Debug|Any CPU = Debug|Any CPU
		Release|Any CPU = Release|Any CPU
	EndGlobalSection
	GlobalSection(ProjectConfigurationPlatforms) = postSolution
		{017EFEF2-85DE-426A-AD5F-84BFEB71539D}.Debug|Any CPU.ActiveCfg = Debug|Any CPU
		{017EFEF2-85DE-426A-AD5F-84BFEB71539D}.Debug|Any CPU.Build.0 = Debug|Any CPU
		{017EFEF2-85DE-426A-AD5F-84BFEB71539D}.Release|Any CPU.ActiveCfg = Release|Any CPU
		{017EFEF2-85DE-426A-AD5F-84BFEB71539D}.Release|Any CPU.Build.0 = Release|Any CPU
	EndGlobalSection
	GlobalSection(SolutionProperties) = preSolution
		HideSolutionNode = FALSE
	EndGlobalSection
	GlobalSection(ExtensibilityGlobals) = postSolution
		SolutionGuid = {9996757B-570A-4404-B577-B3D4EFF85C2A}
	EndGlobalSection
EndGlobal
