
Microsoft Visual Studio Solution File, Format Version 12.00
# Visual Studio Version 17
VisualStudioVersion = 17.5.33530.505
MinimumVisualStudioVersion = 10.0.40219.1
Project("{FAE04EC0-301F-11D3-BF4B-00C04F79EFBC}") = "Database16", "Database16\Database16.csproj", "{92ECA261-0D61-4F75-8297-7CFDCBD679A9}"
EndProject
Global
	GlobalSection(SolutionConfigurationPlatforms) = preSolution
		Debug|Any CPU = Debug|Any CPU
		Debug|x64 = Debug|x64
		Release|Any CPU = Release|Any CPU
		Release|x64 = Release|x64
	EndGlobalSection
	GlobalSection(ProjectConfigurationPlatforms) = postSolution
		{92ECA261-0D61-4F75-8297-7CFDCBD679A9}.Debug|Any CPU.ActiveCfg = Debug|Any CPU
		{92ECA261-0D61-4F75-8297-7CFDCBD679A9}.Debug|Any CPU.Build.0 = Debug|Any CPU
		{92ECA261-0D61-4F75-8297-7CFDCBD679A9}.Debug|x64.ActiveCfg = Debug|x64
		{92ECA261-0D61-4F75-8297-7CFDCBD679A9}.Debug|x64.Build.0 = Debug|x64
		{92ECA261-0D61-4F75-8297-7CFDCBD679A9}.Release|Any CPU.ActiveCfg = Release|Any CPU
		{92ECA261-0D61-4F75-8297-7CFDCBD679A9}.Release|Any CPU.Build.0 = Release|Any CPU
		{92ECA261-0D61-4F75-8297-7CFDCBD679A9}.Release|x64.ActiveCfg = Release|x64
		{92ECA261-0D61-4F75-8297-7CFDCBD679A9}.Release|x64.Build.0 = Release|x64
	EndGlobalSection
	GlobalSection(SolutionProperties) = preSolution
		HideSolutionNode = FALSE
	EndGlobalSection
	GlobalSection(ExtensibilityGlobals) = postSolution
		SolutionGuid = {D12E6AEF-BFF9-418A-A531-A65474E6E92F}
	EndGlobalSection
EndGlobal
