
Microsoft Visual Studio Solution File, Format Version 12.00
# Visual Studio Version 17
VisualStudioVersion = 17.5.33530.505
MinimumVisualStudioVersion = 10.0.40219.1
Project("{FAE04EC0-301F-11D3-BF4B-00C04F79EFBC}") = "DataGridView2", "DataGridView2\DataGridView2.csproj", "{2EF9CB79-1BA3-4FFF-96F2-6475C9C8A36F}"
EndProject
Global
	GlobalSection(SolutionConfigurationPlatforms) = preSolution
		Debug|Any CPU = Debug|Any CPU
		Release|Any CPU = Release|Any CPU
	EndGlobalSection
	GlobalSection(ProjectConfigurationPlatforms) = postSolution
		{2EF9CB79-1BA3-4FFF-96F2-6475C9C8A36F}.Debug|Any CPU.ActiveCfg = Debug|Any CPU
		{2EF9CB79-1BA3-4FFF-96F2-6475C9C8A36F}.Debug|Any CPU.Build.0 = Debug|Any CPU
		{2EF9CB79-1BA3-4FFF-96F2-6475C9C8A36F}.Release|Any CPU.ActiveCfg = Release|Any CPU
		{2EF9CB79-1BA3-4FFF-96F2-6475C9C8A36F}.Release|Any CPU.Build.0 = Release|Any CPU
	EndGlobalSection
	GlobalSection(SolutionProperties) = preSolution
		HideSolutionNode = FALSE
	EndGlobalSection
	GlobalSection(ExtensibilityGlobals) = postSolution
		SolutionGuid = {FDEA975F-E720-48CC-A567-ED038BB48020}
	EndGlobalSection
EndGlobal
