
Microsoft Visual Studio Solution File, Format Version 12.00
# Visual Studio Version 17
VisualStudioVersion = 17.5.33530.505
MinimumVisualStudioVersion = 10.0.40219.1
Project("{FAE04EC0-301F-11D3-BF4B-00C04F79EFBC}") = "Database7", "Database7\Database7.csproj", "{A6E3789C-0FFF-4FA4-BEF5-9528CEE496CA}"
EndProject
Project("{FAE04EC0-301F-11D3-BF4B-00C04F79EFBC}") = "Database7.1", "Database7.1\Database7.1.csproj", "{E5AB621C-E109-4460-97FC-A8E017F130E8}"
EndProject
Global
	GlobalSection(SolutionConfigurationPlatforms) = preSolution
		Debug|Any CPU = Debug|Any CPU
		Debug|x64 = Debug|x64
		Release|Any CPU = Release|Any CPU
		Release|x64 = Release|x64
	EndGlobalSection
	GlobalSection(ProjectConfigurationPlatforms) = postSolution
		{A6E3789C-0FFF-4FA4-BEF5-9528CEE496CA}.Debug|Any CPU.ActiveCfg = Debug|Any CPU
		{A6E3789C-0FFF-4FA4-BEF5-9528CEE496CA}.Debug|Any CPU.Build.0 = Debug|Any CPU
		{A6E3789C-0FFF-4FA4-BEF5-9528CEE496CA}.Debug|x64.ActiveCfg = Debug|x64
		{A6E3789C-0FFF-4FA4-BEF5-9528CEE496CA}.Debug|x64.Build.0 = Debug|x64
		{A6E3789C-0FFF-4FA4-BEF5-9528CEE496CA}.Release|Any CPU.ActiveCfg = Release|Any CPU
		{A6E3789C-0FFF-4FA4-BEF5-9528CEE496CA}.Release|Any CPU.Build.0 = Release|Any CPU
		{A6E3789C-0FFF-4FA4-BEF5-9528CEE496CA}.Release|x64.ActiveCfg = Release|x64
		{A6E3789C-0FFF-4FA4-BEF5-9528CEE496CA}.Release|x64.Build.0 = Release|x64
		{E5AB621C-E109-4460-97FC-A8E017F130E8}.Debug|Any CPU.ActiveCfg = Debug|Any CPU
		{E5AB621C-E109-4460-97FC-A8E017F130E8}.Debug|Any CPU.Build.0 = Debug|Any CPU
		{E5AB621C-E109-4460-97FC-A8E017F130E8}.Debug|x64.ActiveCfg = Debug|Any CPU
		{E5AB621C-E109-4460-97FC-A8E017F130E8}.Debug|x64.Build.0 = Debug|Any CPU
		{E5AB621C-E109-4460-97FC-A8E017F130E8}.Release|Any CPU.ActiveCfg = Release|Any CPU
		{E5AB621C-E109-4460-97FC-A8E017F130E8}.Release|Any CPU.Build.0 = Release|Any CPU
		{E5AB621C-E109-4460-97FC-A8E017F130E8}.Release|x64.ActiveCfg = Release|Any CPU
		{E5AB621C-E109-4460-97FC-A8E017F130E8}.Release|x64.Build.0 = Release|Any CPU
	EndGlobalSection
	GlobalSection(SolutionProperties) = preSolution
		HideSolutionNode = FALSE
	EndGlobalSection
	GlobalSection(ExtensibilityGlobals) = postSolution
		SolutionGuid = {795C2C76-89CC-4B46-9024-468AC1AB7F39}
	EndGlobalSection
EndGlobal
