
Microsoft Visual Studio Solution File, Format Version 12.00
# Visual Studio Version 17
VisualStudioVersion = 17.5.33530.505
MinimumVisualStudioVersion = 10.0.40219.1
Project("{FAE04EC0-301F-11D3-BF4B-00C04F79EFBC}") = "Database7.2", "Database7.2\Database7.2.csproj", "{14ACE964-9DA1-423C-8D11-3B7009B82ACC}"
EndProject
Global
	GlobalSection(SolutionConfigurationPlatforms) = preSolution
		Debug|Any CPU = Debug|Any CPU
		Debug|x64 = Debug|x64
		Release|Any CPU = Release|Any CPU
		Release|x64 = Release|x64
	EndGlobalSection
	GlobalSection(ProjectConfigurationPlatforms) = postSolution
		{14ACE964-9DA1-423C-8D11-3B7009B82ACC}.Debug|Any CPU.ActiveCfg = Debug|Any CPU
		{14ACE964-9DA1-423C-8D11-3B7009B82ACC}.Debug|Any CPU.Build.0 = Debug|Any CPU
		{14ACE964-9DA1-423C-8D11-3B7009B82ACC}.Debug|x64.ActiveCfg = Debug|x64
		{14ACE964-9DA1-423C-8D11-3B7009B82ACC}.Debug|x64.Build.0 = Debug|x64
		{14ACE964-9DA1-423C-8D11-3B7009B82ACC}.Release|Any CPU.ActiveCfg = Release|Any CPU
		{14ACE964-9DA1-423C-8D11-3B7009B82ACC}.Release|Any CPU.Build.0 = Release|Any CPU
		{14ACE964-9DA1-423C-8D11-3B7009B82ACC}.Release|x64.ActiveCfg = Release|x64
		{14ACE964-9DA1-423C-8D11-3B7009B82ACC}.Release|x64.Build.0 = Release|x64
	EndGlobalSection
	GlobalSection(SolutionProperties) = preSolution
		HideSolutionNode = FALSE
	EndGlobalSection
	GlobalSection(ExtensibilityGlobals) = postSolution
		SolutionGuid = {699A35D5-4A89-4382-9DE8-450B022F9A8C}
	EndGlobalSection
EndGlobal
