
Microsoft Visual Studio Solution File, Format Version 12.00
# Visual Studio Version 17
VisualStudioVersion = 17.5.33530.505
MinimumVisualStudioVersion = 10.0.40219.1
Project("{FAE04EC0-301F-11D3-BF4B-00C04F79EFBC}") = "DataBase1", "DataBase1\DataBase1.csproj", "{78C027F5-4385-461D-B58E-80B1C9DE9EDB}"
EndProject
Global
	GlobalSection(SolutionConfigurationPlatforms) = preSolution
		Debug|Any CPU = Debug|Any CPU
		Debug|x64 = Debug|x64
		Release|Any CPU = Release|Any CPU
		Release|x64 = Release|x64
	EndGlobalSection
	GlobalSection(ProjectConfigurationPlatforms) = postSolution
		{78C027F5-4385-461D-B58E-80B1C9DE9EDB}.Debug|Any CPU.ActiveCfg = Debug|Any CPU
		{78C027F5-4385-461D-B58E-80B1C9DE9EDB}.Debug|Any CPU.Build.0 = Debug|Any CPU
		{78C027F5-4385-461D-B58E-80B1C9DE9EDB}.Debug|x64.ActiveCfg = Debug|x64
		{78C027F5-4385-461D-B58E-80B1C9DE9EDB}.Debug|x64.Build.0 = Debug|x64
		{78C027F5-4385-461D-B58E-80B1C9DE9EDB}.Release|Any CPU.ActiveCfg = Release|Any CPU
		{78C027F5-4385-461D-B58E-80B1C9DE9EDB}.Release|Any CPU.Build.0 = Release|Any CPU
		{78C027F5-4385-461D-B58E-80B1C9DE9EDB}.Release|x64.ActiveCfg = Release|x64
		{78C027F5-4385-461D-B58E-80B1C9DE9EDB}.Release|x64.Build.0 = Release|x64
	EndGlobalSection
	GlobalSection(SolutionProperties) = preSolution
		HideSolutionNode = FALSE
	EndGlobalSection
	GlobalSection(ExtensibilityGlobals) = postSolution
		SolutionGuid = {141336E2-8F62-48B2-B3F9-C9CDF3B8657B}
	EndGlobalSection
EndGlobal
