
Microsoft Visual Studio Solution File, Format Version 12.00
# Visual Studio Version 17
VisualStudioVersion = 17.5.33530.505
MinimumVisualStudioVersion = 10.0.40219.1
Project("{FAE04EC0-301F-11D3-BF4B-00C04F79EFBC}") = "Acces2", "Acces2\Acces2.csproj", "{91899B7C-E72B-439A-8FE8-C90644A0BA12}"
EndProject
Global
	GlobalSection(SolutionConfigurationPlatforms) = preSolution
		Debug|Any CPU = Debug|Any CPU
		Release|Any CPU = Release|Any CPU
	EndGlobalSection
	GlobalSection(ProjectConfigurationPlatforms) = postSolution
		{91899B7C-E72B-439A-8FE8-C90644A0BA12}.Debug|Any CPU.ActiveCfg = Debug|x64
		{91899B7C-E72B-439A-8FE8-C90644A0BA12}.Debug|Any CPU.Build.0 = Debug|x64
		{91899B7C-E72B-439A-8FE8-C90644A0BA12}.Release|Any CPU.ActiveCfg = Release|Any CPU
		{91899B7C-E72B-439A-8FE8-C90644A0BA12}.Release|Any CPU.Build.0 = Release|Any CPU
	EndGlobalSection
	GlobalSection(SolutionProperties) = preSolution
		HideSolutionNode = FALSE
	EndGlobalSection
	GlobalSection(ExtensibilityGlobals) = postSolution
		SolutionGuid = {9B6C694F-7EF8-4CC0-8788-304DC241E01C}
	EndGlobalSection
EndGlobal
