
Microsoft Visual Studio Solution File, Format Version 12.00
# Visual Studio Version 17
VisualStudioVersion = 17.5.33530.505
MinimumVisualStudioVersion = 10.0.40219.1
Project("{FAE04EC0-301F-11D3-BF4B-00C04F79EFBC}") = "Pizzaci", "Pizzaci\Pizzaci.csproj", "{CDF17B79-4D11-437B-8053-02D206F5C3C3}"
EndProject
Global
	GlobalSection(SolutionConfigurationPlatforms) = preSolution
		Debug|Any CPU = Debug|Any CPU
		Release|Any CPU = Release|Any CPU
	EndGlobalSection
	GlobalSection(ProjectConfigurationPlatforms) = postSolution
		{CDF17B79-4D11-437B-8053-02D206F5C3C3}.Debug|Any CPU.ActiveCfg = Debug|Any CPU
		{CDF17B79-4D11-437B-8053-02D206F5C3C3}.Debug|Any CPU.Build.0 = Debug|Any CPU
		{CDF17B79-4D11-437B-8053-02D206F5C3C3}.Release|Any CPU.ActiveCfg = Release|Any CPU
		{CDF17B79-4D11-437B-8053-02D206F5C3C3}.Release|Any CPU.Build.0 = Release|Any CPU
	EndGlobalSection
	GlobalSection(SolutionProperties) = preSolution
		HideSolutionNode = FALSE
	EndGlobalSection
	GlobalSection(ExtensibilityGlobals) = postSolution
		SolutionGuid = {A2334EF8-6246-4CF9-BBFE-8821463EE7E5}
	EndGlobalSection
EndGlobal
