
Microsoft Visual Studio Solution File, Format Version 12.00
# Visual Studio Version 17
VisualStudioVersion = 17.5.33530.505
MinimumVisualStudioVersion = 10.0.40219.1
Project("{FAE04EC0-301F-11D3-BF4B-00C04F79EFBC}") = "MenuStrip", "MenuStrip\MenuStrip.csproj", "{977F7510-A331-4C74-83D3-BD600EF936C7}"
EndProject
Global
	GlobalSection(SolutionConfigurationPlatforms) = preSolution
		Debug|Any CPU = Debug|Any CPU
		Release|Any CPU = Release|Any CPU
	EndGlobalSection
	GlobalSection(ProjectConfigurationPlatforms) = postSolution
		{977F7510-A331-4C74-83D3-BD600EF936C7}.Debug|Any CPU.ActiveCfg = Debug|Any CPU
		{977F7510-A331-4C74-83D3-BD600EF936C7}.Debug|Any CPU.Build.0 = Debug|Any CPU
		{977F7510-A331-4C74-83D3-BD600EF936C7}.Release|Any CPU.ActiveCfg = Release|Any CPU
		{977F7510-A331-4C74-83D3-BD600EF936C7}.Release|Any CPU.Build.0 = Release|Any CPU
	EndGlobalSection
	GlobalSection(SolutionProperties) = preSolution
		HideSolutionNode = FALSE
	EndGlobalSection
	GlobalSection(ExtensibilityGlobals) = postSolution
		SolutionGuid = {20B5B8FA-A42B-498F-BFB7-97A2D209BB45}
	EndGlobalSection
EndGlobal
