
Microsoft Visual Studio Solution File, Format Version 12.00
# Visual Studio Version 17
VisualStudioVersion = 17.5.33530.505
MinimumVisualStudioVersion = 10.0.40219.1
Project("{FAE04EC0-301F-11D3-BF4B-00C04F79EFBC}") = "Alarm2", "Alarm2\Alarm2.csproj", "{8CF677D5-385E-41C0-B273-97474C8636B2}"
EndProject
Global
	GlobalSection(SolutionConfigurationPlatforms) = preSolution
		Debug|Any CPU = Debug|Any CPU
		Release|Any CPU = Release|Any CPU
	EndGlobalSection
	GlobalSection(ProjectConfigurationPlatforms) = postSolution
		{8CF677D5-385E-41C0-B273-97474C8636B2}.Debug|Any CPU.ActiveCfg = Debug|Any CPU
		{8CF677D5-385E-41C0-B273-97474C8636B2}.Debug|Any CPU.Build.0 = Debug|Any CPU
		{8CF677D5-385E-41C0-B273-97474C8636B2}.Release|Any CPU.ActiveCfg = Release|Any CPU
		{8CF677D5-385E-41C0-B273-97474C8636B2}.Release|Any CPU.Build.0 = Release|Any CPU
	EndGlobalSection
	GlobalSection(SolutionProperties) = preSolution
		HideSolutionNode = FALSE
	EndGlobalSection
	GlobalSection(ExtensibilityGlobals) = postSolution
		SolutionGuid = {96F2CDF0-DEDA-47B0-A7D0-5B51C6280781}
	EndGlobalSection
EndGlobal
