
Microsoft Visual Studio Solution File, Format Version 12.00
# Visual Studio Version 17
VisualStudioVersion = 17.4.33122.133
MinimumVisualStudioVersion = 10.0.40219.1
Project("{9A19103F-16F7-4668-BE54-9A1E7A4F7556}") = "boolveritipi", "boolveritipi.csproj", "{FD1A6E2E-7803-4898-B4E6-4DA2DB3B1767}"
EndProject
Global
	GlobalSection(SolutionConfigurationPlatforms) = preSolution
		Debug|Any CPU = Debug|Any CPU
		Release|Any CPU = Release|Any CPU
	EndGlobalSection
	GlobalSection(ProjectConfigurationPlatforms) = postSolution
		{FD1A6E2E-7803-4898-B4E6-4DA2DB3B1767}.Debug|Any CPU.ActiveCfg = Debug|Any CPU
		{FD1A6E2E-7803-4898-B4E6-4DA2DB3B1767}.Debug|Any CPU.Build.0 = Debug|Any CPU
		{FD1A6E2E-7803-4898-B4E6-4DA2DB3B1767}.Release|Any CPU.ActiveCfg = Release|Any CPU
		{FD1A6E2E-7803-4898-B4E6-4DA2DB3B1767}.Release|Any CPU.Build.0 = Release|Any CPU
	EndGlobalSection
	GlobalSection(SolutionProperties) = preSolution
		HideSolutionNode = FALSE
	EndGlobalSection
	GlobalSection(ExtensibilityGlobals) = postSolution
		SolutionGuid = {378D945B-A7C6-4294-9B43-7AB400A5215A}
	EndGlobalSection
EndGlobal
